
Microsoft Visual Studio Solution File, Format Version 12.00
# Visual Studio Version 17
VisualStudioVersion = 17.1.32407.343
MinimumVisualStudioVersion = 10.0.40219.1
Project("{9A19103F-16F7-4668-BE54-9A1E7A4F7556}") = "TestWebhookSendgrid", "TestWebhookSendgrid\TestWebhookSendgrid.csproj", "{AD329F18-7E10-4FD9-8E87-0DDC7DB6CE36}"
EndProject
Global
	GlobalSection(SolutionConfigurationPlatforms) = preSolution
		Debug|Any CPU = Debug|Any CPU
		Release|Any CPU = Release|Any CPU
	EndGlobalSection
	GlobalSection(ProjectConfigurationPlatforms) = postSolution
		{AD329F18-7E10-4FD9-8E87-0DDC7DB6CE36}.Debug|Any CPU.ActiveCfg = Debug|Any CPU
		{AD329F18-7E10-4FD9-8E87-0DDC7DB6CE36}.Debug|Any CPU.Build.0 = Debug|Any CPU
		{AD329F18-7E10-4FD9-8E87-0DDC7DB6CE36}.Release|Any CPU.ActiveCfg = Release|Any CPU
		{AD329F18-7E10-4FD9-8E87-0DDC7DB6CE36}.Release|Any CPU.Build.0 = Release|Any CPU
	EndGlobalSection
	GlobalSection(SolutionProperties) = preSolution
		HideSolutionNode = FALSE
	EndGlobalSection
	GlobalSection(ExtensibilityGlobals) = postSolution
		SolutionGuid = {FF35F0E5-7C97-455D-A3AB-AD800B76F336}
	EndGlobalSection
EndGlobal
